
Microsoft Visual Studio Solution File, Format Version 12.00
# Visual Studio Version 16
VisualStudioVersion = 16.0.29613.14
MinimumVisualStudioVersion = 10.0.40219.1
Project("{9A19103F-16F7-4668-BE54-9A1E7A4F7556}") = "AppGreat.Web", "AppGreat API\AppGreat.Web.csproj", "{19F15665-6100-41AE-8C76-47832142C134}"
EndProject
Project("{9A19103F-16F7-4668-BE54-9A1E7A4F7556}") = "AppGreat.Data", "APIGreat.Data\AppGreat.Data.csproj", "{4AEB1464-3755-40D8-8FE1-A41FC1AB7A2A}"
EndProject
Project("{9A19103F-16F7-4668-BE54-9A1E7A4F7556}") = "AppGreat.Services", "AppGreat.Services\AppGreat.Services.csproj", "{69C784DD-B93E-429C-BCE3-712DA7B78279}"
EndProject
Global
	GlobalSection(SolutionConfigurationPlatforms) = preSolution
		Debug|Any CPU = Debug|Any CPU
		Release|Any CPU = Release|Any CPU
	EndGlobalSection
	GlobalSection(ProjectConfigurationPlatforms) = postSolution
		{19F15665-6100-41AE-8C76-47832142C134}.Debug|Any CPU.ActiveCfg = Debug|Any CPU
		{19F15665-6100-41AE-8C76-47832142C134}.Debug|Any CPU.Build.0 = Debug|Any CPU
		{19F15665-6100-41AE-8C76-47832142C134}.Release|Any CPU.ActiveCfg = Release|Any CPU
		{19F15665-6100-41AE-8C76-47832142C134}.Release|Any CPU.Build.0 = Release|Any CPU
		{4AEB1464-3755-40D8-8FE1-A41FC1AB7A2A}.Debug|Any CPU.ActiveCfg = Debug|Any CPU
		{4AEB1464-3755-40D8-8FE1-A41FC1AB7A2A}.Debug|Any CPU.Build.0 = Debug|Any CPU
		{4AEB1464-3755-40D8-8FE1-A41FC1AB7A2A}.Release|Any CPU.ActiveCfg = Release|Any CPU
		{4AEB1464-3755-40D8-8FE1-A41FC1AB7A2A}.Release|Any CPU.Build.0 = Release|Any CPU
		{69C784DD-B93E-429C-BCE3-712DA7B78279}.Debug|Any CPU.ActiveCfg = Debug|Any CPU
		{69C784DD-B93E-429C-BCE3-712DA7B78279}.Debug|Any CPU.Build.0 = Debug|Any CPU
		{69C784DD-B93E-429C-BCE3-712DA7B78279}.Release|Any CPU.ActiveCfg = Release|Any CPU
		{69C784DD-B93E-429C-BCE3-712DA7B78279}.Release|Any CPU.Build.0 = Release|Any CPU
	EndGlobalSection
	GlobalSection(SolutionProperties) = preSolution
		HideSolutionNode = FALSE
	EndGlobalSection
	GlobalSection(ExtensibilityGlobals) = postSolution
		SolutionGuid = {8ED6611D-F71B-49D5-9BC8-7CEB76F17BDA}
	EndGlobalSection
EndGlobal
